<?xml version="1.0" encoding="utf-8"?>
<Project ToolsVersion="4.0" xmlns="http://schemas.microsoft.com/developer/msbuild/2003">
  <ItemGroup>
    <Filter Include="Source Files">
      <UniqueIdentifier>{4FC737F1-C7A5-4376-A066-2A32D752A2FF}</UniqueIdentifier>
      <Extensions>cpp;c;cc;cxx;c++;cppm;ixx;def;odl;idl;hpj;bat;asm;asmx</Extensions>
    </Filter>
    <Filter Include="Header Files">
      <UniqueIdentifier>{93995380-89BD-4b04-88EB-625FBE52EBFB}</UniqueIdentifier>
      <Extensions>h;hh;hpp;hxx;h++;hm;inl;inc;ipp;xsd</Extensions>
    </Filter>
    <Filter Include="Header Files\Crash Handling">
      <UniqueIdentifier>{4f2bb865-ac3d-4779-b908-9e5be1720a70}</UniqueIdentifier>
    </Filter>
  </ItemGroup>
  <ItemGroup>
    <ClCompile Include="unicode_main.cpp">
      <Filter>Source Files</Filter>
    </ClCompile>
    <ClCompile Include="build_dump.cpp">
      <Filter>Source Files</Filter>
    </ClCompile>
    <ClCompile Include="global_crash_handler.cpp">
      <Filter>Source Files</Filter>
    </ClCompile>
    <ClCompile Include="configure_dbghelp.cpp">
      <Filter>Source Files</Filter>
    </ClCompile>
  </ItemGroup>
  <ItemGroup>
    <ClInclude Include="startup_definitions.h">
      <Filter>Header Files</Filter>
    </ClInclude>
    <ClInclude Include="unicode_punning.h">
      <Filter>Header Files</Filter>
    </ClInclude>
    <ClInclude Include="global_crash_handler.h">
      <Filter>Header Files\Crash Handling</Filter>
    </ClInclude>
    <ClInclude Include="local_crash_handlers.h">
      <Filter>Header Files\Crash Handling</Filter>
    </ClInclude>
    <ClInclude Include="dbghelp_functions.h">
      <Filter>Header Files</Filter>
    </ClInclude>
  </ItemGroup>
</Project>