<?xml version="1.0" encoding="utf-8"?>
<Project ToolsVersion="4.0" xmlns="http://schemas.microsoft.com/developer/msbuild/2003">
  <ItemGroup>
    <Filter Include="Source Files">
      <UniqueIdentifier>{4FC737F1-C7A5-4376-A066-2A32D752A2FF}</UniqueIdentifier>
      <Extensions>qml;cpp;c;cc;cxx;def;odl;idl;hpj;bat;asm;asmx</Extensions>
    </Filter>
    <Filter Include="Header Files">
      <UniqueIdentifier>{93995380-89BD-4b04-88EB-625FBE52EBFB}</UniqueIdentifier>
      <Extensions>h;hh;hpp;hxx;hm;inl;inc;xsd</Extensions>
    </Filter>
    <Filter Include="Resource Files">
      <UniqueIdentifier>{67DA6AB6-F800-4c08-8B7A-83BB121AAD01}</UniqueIdentifier>
      <Extensions>qrc;rc;ico;cur;bmp;dlg;rc2;rct;bin;rgs;gif;jpg;jpeg;jpe;resx;tiff;tif;png;wav;mfcribbon-ms</Extensions>
    </Filter>
    <Filter Include="Form Files">
      <UniqueIdentifier>{99349809-55BA-4b9d-BF79-8FDBB0286EB3}</UniqueIdentifier>
      <Extensions>ui</Extensions>
    </Filter>
    <Filter Include="Translation Files">
      <UniqueIdentifier>{639EADAA-A684-42e4-A9AD-28FC9BCB8F7C}</UniqueIdentifier>
      <Extensions>ts</Extensions>
    </Filter>
    <Filter Include="Source Files\Main Window">
      <UniqueIdentifier>{8af7c87e-ade8-4f18-b3bd-cc13409dbb91}</UniqueIdentifier>
    </Filter>
    <Filter Include="Header Files\Custom Widgets">
      <UniqueIdentifier>{e1342918-40e8-4111-b2d9-7baacf1035b9}</UniqueIdentifier>
    </Filter>
    <Filter Include="Source Files\Custom Widgets">
      <UniqueIdentifier>{06fe67bd-5c29-4f88-9edd-d0f5370dda20}</UniqueIdentifier>
    </Filter>
    <Filter Include="Source Files\Custom Widgets\Text Editor">
      <UniqueIdentifier>{33ab35cc-d274-4bb3-9b0b-b9bc26cae92e}</UniqueIdentifier>
    </Filter>
    <Filter Include="Source Files\Custom Widgets\Enriched Status Bar">
      <UniqueIdentifier>{a8866440-d9fc-4f9a-b78c-6f88faeb3517}</UniqueIdentifier>
    </Filter>
  </ItemGroup>
  <ItemGroup>
    <QtUic Include="main_window.ui">
      <Filter>Form Files</Filter>
    </QtUic>
    <QtMoc Include="main_window.h">
      <Filter>Header Files</Filter>
    </QtMoc>
  </ItemGroup>
  <ItemGroup>
    <ClCompile Include="main.cpp">
      <Filter>Source Files</Filter>
    </ClCompile>
    <ClCompile Include="main_window.cpp">
      <Filter>Source Files\Main Window</Filter>
    </ClCompile>
    <ClCompile Include="main_window_slots.cpp">
      <Filter>Source Files\Main Window</Filter>
    </ClCompile>
    <ClCompile Include="text_editor.cpp">
      <Filter>Source Files\Custom Widgets\Text Editor</Filter>
    </ClCompile>
    <ClCompile Include="text_editor_slots.cpp">
      <Filter>Source Files\Custom Widgets\Text Editor</Filter>
    </ClCompile>
    <ClCompile Include="enriched_status_bar.cpp">
      <Filter>Source Files\Custom Widgets\Enriched Status Bar</Filter>
    </ClCompile>
  </ItemGroup>
  <ItemGroup>
    <QtRcc Include="visual_environment.qrc">
      <Filter>Resource Files</Filter>
    </QtRcc>
  </ItemGroup>
  <ItemGroup>
    <QtMoc Include="text_editor.h">
      <Filter>Header Files\Custom Widgets</Filter>
    </QtMoc>
    <QtMoc Include="enriched_status_bar.h">
      <Filter>Header Files\Custom Widgets</Filter>
    </QtMoc>
  </ItemGroup>
  <ItemGroup>
    <QtTranslation Include="translation_visual_environment_uk_UA.ts">
      <Filter>Translation Files</Filter>
    </QtTranslation>
  </ItemGroup>
</Project>