<?xml version="1.0" encoding="utf-8"?>
<Project ToolsVersion="4.0" xmlns="http://schemas.microsoft.com/developer/msbuild/2003">
  <ItemGroup>
    <Filter Include="Source Files">
      <UniqueIdentifier>{4FC737F1-C7A5-4376-A066-2A32D752A2FF}</UniqueIdentifier>
      <Extensions>cpp;c;cc;cxx;c++;cppm;ixx;def;odl;idl;hpj;bat;asm;asmx</Extensions>
    </Filter>
    <Filter Include="Header Files">
      <UniqueIdentifier>{93995380-89BD-4b04-88EB-625FBE52EBFB}</UniqueIdentifier>
      <Extensions>h;hh;hpp;hxx;h++;hm;inl;inc;ipp;xsd</Extensions>
    </Filter>
    <Filter Include="Examples">
      <UniqueIdentifier>{7ad379c7-cca2-479f-8187-d01ec66f7e66}</UniqueIdentifier>
    </Filter>
    <Filter Include="Header Files\Parse Map States">
      <UniqueIdentifier>{965a3e98-2ff5-4a9d-85ce-7ff2d511545e}</UniqueIdentifier>
    </Filter>
    <Filter Include="Header Files\Parse Map States\Modules Import">
      <UniqueIdentifier>{c0feaa8f-63a0-4024-a261-8c61d45275f2}</UniqueIdentifier>
    </Filter>
    <Filter Include="Header Files\Parse Map States\Special Instructions">
      <UniqueIdentifier>{72403354-6394-4eed-a866-08b07ccbf7d1}</UniqueIdentifier>
    </Filter>
    <Filter Include="Header Files\Parse Map States\Instruction Arguments">
      <UniqueIdentifier>{d2e2545b-c7d2-4622-a9de-572314796cb4}</UniqueIdentifier>
    </Filter>
    <Filter Include="Header Files\Parse Map States\Functions">
      <UniqueIdentifier>{8651ef23-7ae4-4809-a54a-8d0e8ced81f5}</UniqueIdentifier>
    </Filter>
  </ItemGroup>
  <ItemGroup>
    <ClInclude Include="bytecode_translator.h">
      <Filter>Header Files</Filter>
    </ClInclude>
    <ClInclude Include="structure_builder.h">
      <Filter>Header Files</Filter>
    </ClInclude>
    <ClInclude Include="type_definitions.h">
      <Filter>Header Files\Parse Map States</Filter>
    </ClInclude>
    <ClInclude Include="module_import_state.h">
      <Filter>Header Files\Parse Map States\Modules Import</Filter>
    </ClInclude>
    <ClInclude Include="functions_import_state.h">
      <Filter>Header Files\Parse Map States\Modules Import</Filter>
    </ClInclude>
    <ClInclude Include="define_state.h">
      <Filter>Header Files\Parse Map States\Special Instructions</Filter>
    </ClInclude>
    <ClInclude Include="redefine_states.h">
      <Filter>Header Files\Parse Map States\Special Instructions</Filter>
    </ClInclude>
    <ClInclude Include="undefine_state.h">
      <Filter>Header Files\Parse Map States\Special Instructions</Filter>
    </ClInclude>
    <ClInclude Include="if_defined_states.h">
      <Filter>Header Files\Parse Map States\Special Instructions</Filter>
    </ClInclude>
    <ClInclude Include="stack_size_state.h">
      <Filter>Header Files\Parse Map States\Special Instructions</Filter>
    </ClInclude>
    <ClInclude Include="declaration_states.h">
      <Filter>Header Files\Parse Map States\Special Instructions</Filter>
    </ClInclude>
    <ClInclude Include="program_strings_states.h">
      <Filter>Header Files\Parse Map States\Special Instructions</Filter>
    </ClInclude>
    <ClInclude Include="function_address_argument_state.h">
      <Filter>Header Files\Parse Map States\Instruction Arguments</Filter>
    </ClInclude>
    <ClInclude Include="immediate_argument_states.h">
      <Filter>Header Files\Parse Map States\Instruction Arguments</Filter>
    </ClInclude>
    <ClInclude Include="sizeof_argument_state.h">
      <Filter>Header Files\Parse Map States\Instruction Arguments</Filter>
    </ClInclude>
    <ClInclude Include="regular_variable_argument_states.h">
      <Filter>Header Files\Parse Map States\Instruction Arguments</Filter>
    </ClInclude>
    <ClInclude Include="pointer_dereference_argument_states.h">
      <Filter>Header Files\Parse Map States\Instruction Arguments</Filter>
    </ClInclude>
    <ClInclude Include="jump_point_argument_state.h">
      <Filter>Header Files\Parse Map States\Instruction Arguments</Filter>
    </ClInclude>
    <ClInclude Include="string_argument_state.h">
      <Filter>Header Files\Parse Map States\Instruction Arguments</Filter>
    </ClInclude>
    <ClInclude Include="function_declaration_states.h">
      <Filter>Header Files\Parse Map States\Functions</Filter>
    </ClInclude>
    <ClInclude Include="inside_function_body_state.h">
      <Filter>Header Files\Parse Map States\Functions</Filter>
    </ClInclude>
    <ClInclude Include="new_jump_point_state.h">
      <Filter>Header Files\Parse Map States\Functions</Filter>
    </ClInclude>
    <ClInclude Include="module_call_states.h">
      <Filter>Header Files\Parse Map States\Functions</Filter>
    </ClInclude>
    <ClInclude Include="main_state.h">
      <Filter>Header Files\Parse Map States</Filter>
    </ClInclude>
  </ItemGroup>
  <ItemGroup>
    <ClCompile Include="parse_map_configuration.cpp">
      <Filter>Source Files</Filter>
    </ClCompile>
    <ClCompile Include="main.cpp">
      <Filter>Source Files</Filter>
    </ClCompile>
  </ItemGroup>
  <ItemGroup>
    <CopyFileToFolders Include="..\examples\Ebyte To String.txt">
      <Filter>Examples</Filter>
    </CopyFileToFolders>
    <CopyFileToFolders Include="..\examples\Hello World!.txt">
      <Filter>Examples</Filter>
    </CopyFileToFolders>
    <CopyFileToFolders Include="..\examples\Ping Pong %28Thread Groups Example%29.txt">
      <Filter>Examples</Filter>
    </CopyFileToFolders>
    <CopyFileToFolders Include="..\examples\Program Logic Error.txt">
      <Filter>Examples</Filter>
    </CopyFileToFolders>
    <CopyFileToFolders Include="..\examples\Remove Undefine To Make The Program Work.txt">
      <Filter>Examples</Filter>
    </CopyFileToFolders>
    <CopyFileToFolders Include="..\examples\Stackoverflow.txt">
      <Filter>Examples</Filter>
    </CopyFileToFolders>
    <CopyFileToFolders Include="..\examples\make.bat" />
    <CopyFileToFolders Include="..\examples\Dynamic Call.txt">
      <Filter>Examples</Filter>
    </CopyFileToFolders>
  </ItemGroup>
</Project>