<?xml version="1.0" encoding="utf-8"?>
<Project ToolsVersion="4.0" xmlns="http://schemas.microsoft.com/developer/msbuild/2003">
  <ItemGroup>
    <Filter Include="Source Files">
      <UniqueIdentifier>{4FC737F1-C7A5-4376-A066-2A32D752A2FF}</UniqueIdentifier>
      <Extensions>cpp;c;cc;cxx;c++;cppm;ixx;def;odl;idl;hpj;bat;asm;asmx</Extensions>
    </Filter>
    <Filter Include="Header Files">
      <UniqueIdentifier>{93995380-89BD-4b04-88EB-625FBE52EBFB}</UniqueIdentifier>
      <Extensions>h;hh;hpp;hxx;h++;hm;inl;inc;ipp;xsd</Extensions>
    </Filter>
    <Filter Include="Header Files\Export">
      <UniqueIdentifier>{3819a92d-e72d-415d-a124-346ecda49783}</UniqueIdentifier>
    </Filter>
    <Filter Include="Header Files\Module File Parsing">
      <UniqueIdentifier>{96060b43-5415-407a-bf2e-52c312e46368}</UniqueIdentifier>
    </Filter>
    <Filter Include="Header Files\Module File Parsing\Parse Map States">
      <UniqueIdentifier>{4527f85b-349b-4b22-8e7f-12f4f2492168}</UniqueIdentifier>
    </Filter>
    <Filter Include="Source Files\Module File Parsing">
      <UniqueIdentifier>{33e14a88-65bc-4ce9-af82-f7157ffda10e}</UniqueIdentifier>
    </Filter>
    <Filter Include="Header Files\Crash Handling">
      <UniqueIdentifier>{7375ddab-72f4-4e7b-b0a2-d7fa620ba5fc}</UniqueIdentifier>
    </Filter>
    <Filter Include="Resource Files">
      <UniqueIdentifier>{c1e65c45-f850-4563-bf89-1fe8de0136d0}</UniqueIdentifier>
    </Filter>
  </ItemGroup>
  <ItemGroup>
    <ClCompile Include="main.cpp">
      <Filter>Source Files</Filter>
    </ClCompile>
    <ClCompile Include="parse_map_configuration.cpp">
      <Filter>Source Files\Module File Parsing</Filter>
    </ClCompile>
    <ClCompile Include="parser_options.cpp">
      <Filter>Source Files\Module File Parsing</Filter>
    </ClCompile>
    <ClCompile Include="crash_handle_setup.cpp">
      <Filter>Source Files</Filter>
    </ClCompile>
  </ItemGroup>
  <ItemGroup>
    <ClInclude Include="fsi_types.h">
      <Filter>Header Files\Export</Filter>
    </ClInclude>
    <ClInclude Include="module_part.h">
      <Filter>Header Files\Export</Filter>
    </ClInclude>
    <ClInclude Include="inside_header_state.h">
      <Filter>Header Files\Module File Parsing\Parse Map States</Filter>
    </ClInclude>
    <ClInclude Include="type_definitions.h">
      <Filter>Header Files\Module File Parsing\Parse Map States</Filter>
    </ClInclude>
    <ClInclude Include="main_state.h">
      <Filter>Header Files\Module File Parsing\Parse Map States</Filter>
    </ClInclude>
    <ClInclude Include="function_with_exported_name_state.h">
      <Filter>Header Files\Module File Parsing\Parse Map States</Filter>
    </ClInclude>
    <ClInclude Include="inside_value_state.h">
      <Filter>Header Files\Module File Parsing\Parse Map States</Filter>
    </ClInclude>
    <ClInclude Include="file_components.h">
      <Filter>Header Files\Module File Parsing</Filter>
    </ClInclude>
    <ClInclude Include="file_builder.h">
      <Filter>Header Files\Module File Parsing</Filter>
    </ClInclude>
    <ClInclude Include="parser_options.h">
      <Filter>Header Files\Module File Parsing</Filter>
    </ClInclude>
    <ClInclude Include="global_crash_handle_setup.h">
      <Filter>Header Files\Crash Handling</Filter>
    </ClInclude>
    <ClInclude Include="local_crash_handle_setup.h">
      <Filter>Header Files\Crash Handling</Filter>
    </ClInclude>
    <ClInclude Include="resource.h">
      <Filter>Header Files</Filter>
    </ClInclude>
    <ClInclude Include="module_mediator.h">
      <Filter>Header Files</Filter>
    </ClInclude>
  </ItemGroup>
  <ItemGroup>
    <CopyFileToFolders Include="engine.mods" />
  </ItemGroup>
  <ItemGroup>
    <ResourceCompile Include="module_mediator.rc">
      <Filter>Resource Files</Filter>
    </ResourceCompile>
  </ItemGroup>
  <ItemGroup>
    <Image Include="executable_icon.ico">
      <Filter>Resource Files</Filter>
    </Image>
  </ItemGroup>
</Project>