<?xml version="1.0" encoding="utf-8"?>
<Project ToolsVersion="4.0" xmlns="http://schemas.microsoft.com/developer/msbuild/2003">
  <ItemGroup>
    <Filter Include="Source Files">
      <UniqueIdentifier>{4FC737F1-C7A5-4376-A066-2A32D752A2FF}</UniqueIdentifier>
      <Extensions>cpp;c;cc;cxx;c++;cppm;ixx;def;odl;idl;hpj;bat;asm;asmx</Extensions>
    </Filter>
    <Filter Include="Header Files">
      <UniqueIdentifier>{93995380-89BD-4b04-88EB-625FBE52EBFB}</UniqueIdentifier>
      <Extensions>h;hh;hpp;hxx;h++;hm;inl;inc;ipp;xsd</Extensions>
    </Filter>
    <Filter Include="Resource Files">
      <UniqueIdentifier>{67DA6AB6-F800-4c08-8B7A-83BB121AAD01}</UniqueIdentifier>
      <Extensions>rc;ico;cur;bmp;dlg;rc2;rct;bin;rgs;gif;jpg;jpeg;jpe;resx;tiff;tif;png;wav;mfcribbon-ms</Extensions>
    </Filter>
    <Filter Include="Source Files\Maintenance">
      <UniqueIdentifier>{e6d6d819-6520-465b-9ae7-0b5ee6caacf0}</UniqueIdentifier>
    </Filter>
    <Filter Include="Source Files\Reading Bytecode File And Machine Code Generation">
      <UniqueIdentifier>{f1d98ec4-504b-4870-918c-f91477723030}</UniqueIdentifier>
    </Filter>
    <Filter Include="Header Files\PCH">
      <UniqueIdentifier>{47d93394-1c4a-4770-aa8f-a49b567346f0}</UniqueIdentifier>
    </Filter>
    <Filter Include="Header Files\Machine Code Generation">
      <UniqueIdentifier>{32233a6b-9d96-4250-a008-8f1f23c7d150}</UniqueIdentifier>
    </Filter>
    <Filter Include="Header Files\Machine Code Generation\Instruction Builders">
      <UniqueIdentifier>{c68479f8-c8ec-4c33-ba40-461bf720aefd}</UniqueIdentifier>
    </Filter>
    <Filter Include="Header Files\Machine Code Generation\Instruction Builders\Abstract">
      <UniqueIdentifier>{9c6162a8-0086-43e0-a750-6f622b010837}</UniqueIdentifier>
    </Filter>
    <Filter Include="Header Files\Machine Code Generation\Instruction Builders\Concrete Builders">
      <UniqueIdentifier>{1756e2da-5ebb-4231-8a17-72de3c4deafb}</UniqueIdentifier>
    </Filter>
    <Filter Include="Header Files\Machine Code Generation\Bytecode File Readers">
      <UniqueIdentifier>{bb65e9da-34c8-4256-b65d-3e07be762896}</UniqueIdentifier>
    </Filter>
    <Filter Include="Header Files\Machine Code Generation\Program Variables">
      <UniqueIdentifier>{57cb4225-52ef-4e75-8015-e0e1096981fd}</UniqueIdentifier>
    </Filter>
    <Filter Include="Header Files\Machine Code Generation\Program Variables\Abstract">
      <UniqueIdentifier>{99e584a7-df62-44eb-816b-8762a25660b7}</UniqueIdentifier>
    </Filter>
    <Filter Include="Header Files\Machine Code Generation\Program Variables\Concrete Variables">
      <UniqueIdentifier>{16e68216-6378-4dcc-8cb3-397aa021f01d}</UniqueIdentifier>
    </Filter>
  </ItemGroup>
  <ItemGroup>
    <ClInclude Include="declarations.h">
      <Filter>Header Files</Filter>
    </ClInclude>
    <ClInclude Include="program_loader.h">
      <Filter>Header Files</Filter>
    </ClInclude>
    <ClInclude Include="resource.h">
      <Filter>Header Files</Filter>
    </ClInclude>
    <ClInclude Include="instruction_arguments_classes.h">
      <Filter>Header Files\Machine Code Generation\Program Variables</Filter>
    </ClInclude>
    <ClInclude Include="variable.h">
      <Filter>Header Files\Machine Code Generation\Program Variables\Abstract</Filter>
    </ClInclude>
    <ClInclude Include="variable_with_id.h">
      <Filter>Header Files\Machine Code Generation\Program Variables\Abstract</Filter>
    </ClInclude>
    <ClInclude Include="generic_variable.h">
      <Filter>Header Files\Machine Code Generation\Program Variables\Abstract</Filter>
    </ClInclude>
    <ClInclude Include="module.h">
      <Filter>Header Files\Machine Code Generation\Program Variables\Concrete Variables</Filter>
    </ClInclude>
    <ClInclude Include="regular_variable.h">
      <Filter>Header Files\Machine Code Generation\Program Variables\Concrete Variables</Filter>
    </ClInclude>
    <ClInclude Include="signed_variable.h">
      <Filter>Header Files\Machine Code Generation\Program Variables\Concrete Variables</Filter>
    </ClInclude>
    <ClInclude Include="specialized_variable.h">
      <Filter>Header Files\Machine Code Generation\Program Variables\Concrete Variables</Filter>
    </ClInclude>
    <ClInclude Include="variable_imm.h">
      <Filter>Header Files\Machine Code Generation\Program Variables\Concrete Variables</Filter>
    </ClInclude>
    <ClInclude Include="pointer.h">
      <Filter>Header Files\Machine Code Generation\Program Variables\Concrete Variables</Filter>
    </ClInclude>
    <ClInclude Include="dereferenced_pointer.h">
      <Filter>Header Files\Machine Code Generation\Program Variables\Concrete Variables</Filter>
    </ClInclude>
    <ClInclude Include="function.h">
      <Filter>Header Files\Machine Code Generation\Program Variables\Concrete Variables</Filter>
    </ClInclude>
    <ClInclude Include="instruction_builder_classes.h">
      <Filter>Header Files\Machine Code Generation\Instruction Builders</Filter>
    </ClInclude>
    <ClInclude Include="add_sadd_builder.h">
      <Filter>Header Files\Machine Code Generation\Instruction Builders\Concrete Builders</Filter>
    </ClInclude>
    <ClInclude Include="apply_on_memory.h">
      <Filter>Header Files\Machine Code Generation\Instruction Builders\Concrete Builders</Filter>
    </ClInclude>
    <ClInclude Include="apply_right_hand_bits_on_left_hand_binary.h">
      <Filter>Header Files\Machine Code Generation\Instruction Builders\Concrete Builders</Filter>
    </ClInclude>
    <ClInclude Include="arithmetic_instruction_builder.h">
      <Filter>Header Files\Machine Code Generation\Instruction Builders\Abstract</Filter>
    </ClInclude>
    <ClInclude Include="bits_shift_builder.h">
      <Filter>Header Files\Machine Code Generation\Instruction Builders\Concrete Builders</Filter>
    </ClInclude>
    <ClInclude Include="cmp_builder.h">
      <Filter>Header Files\Machine Code Generation\Instruction Builders\Concrete Builders</Filter>
    </ClInclude>
    <ClInclude Include="complex_arithmetic_instruction_builder.h">
      <Filter>Header Files\Machine Code Generation\Instruction Builders\Abstract</Filter>
    </ClInclude>
    <ClInclude Include="copy_string_builder.h">
      <Filter>Header Files\Machine Code Generation\Instruction Builders\Concrete Builders</Filter>
    </ClInclude>
    <ClInclude Include="ctjtd_builder.h">
      <Filter>Header Files\Machine Code Generation\Instruction Builders\Concrete Builders</Filter>
    </ClInclude>
    <ClInclude Include="div_builder.h">
      <Filter>Header Files\Machine Code Generation\Instruction Builders\Concrete Builders</Filter>
    </ClInclude>
    <ClInclude Include="function_call_builder.h">
      <Filter>Header Files\Machine Code Generation\Instruction Builders\Concrete Builders</Filter>
    </ClInclude>
    <ClInclude Include="general_function_call_bulider.h">
      <Filter>Header Files\Machine Code Generation\Instruction Builders\Abstract</Filter>
    </ClInclude>
    <ClInclude Include="instruction_builder.h">
      <Filter>Header Files\Machine Code Generation\Instruction Builders\Abstract</Filter>
    </ClInclude>
    <ClInclude Include="jcc_builder.h">
      <Filter>Header Files\Machine Code Generation\Instruction Builders\Concrete Builders</Filter>
    </ClInclude>
    <ClInclude Include="jmp_builder.h">
      <Filter>Header Files\Machine Code Generation\Instruction Builders\Concrete Builders</Filter>
    </ClInclude>
    <ClInclude Include="load_builder.h">
      <Filter>Header Files\Machine Code Generation\Instruction Builders\Concrete Builders</Filter>
    </ClInclude>
    <ClInclude Include="machine_codes_instruction_builder.h">
      <Filter>Header Files\Machine Code Generation\Instruction Builders\Abstract</Filter>
    </ClInclude>
    <ClInclude Include="module_function_call_builder.h">
      <Filter>Header Files\Machine Code Generation\Instruction Builders\Concrete Builders</Filter>
    </ClInclude>
    <ClInclude Include="mul_smul_builder.h">
      <Filter>Header Files\Machine Code Generation\Instruction Builders\Concrete Builders</Filter>
    </ClInclude>
    <ClInclude Include="ref_builder.h">
      <Filter>Header Files\Machine Code Generation\Instruction Builders\Concrete Builders</Filter>
    </ClInclude>
    <ClInclude Include="save_builder.h">
      <Filter>Header Files\Machine Code Generation\Instruction Builders\Concrete Builders</Filter>
    </ClInclude>
    <ClInclude Include="sdiv_builder.h">
      <Filter>Header Files\Machine Code Generation\Instruction Builders\Concrete Builders</Filter>
    </ClInclude>
    <ClInclude Include="framework.h">
      <Filter>Header Files\PCH</Filter>
    </ClInclude>
    <ClInclude Include="pch.h">
      <Filter>Header Files\PCH</Filter>
    </ClInclude>
    <ClInclude Include="jump_table_builder.h">
      <Filter>Header Files\Machine Code Generation\Bytecode File Readers</Filter>
    </ClInclude>
    <ClInclude Include="memory_layouts_builder.h">
      <Filter>Header Files\Machine Code Generation\Bytecode File Readers</Filter>
    </ClInclude>
    <ClInclude Include="run_container.h">
      <Filter>Header Files\Machine Code Generation\Bytecode File Readers</Filter>
    </ClInclude>
    <ClInclude Include="run_reader.h">
      <Filter>Header Files\Machine Code Generation\Bytecode File Readers</Filter>
    </ClInclude>
    <ClInclude Include="program_compilation_error.h">
      <Filter>Header Files\Machine Code Generation</Filter>
    </ClInclude>
    <ClInclude Include="compiled_program.h">
      <Filter>Header Files\Machine Code Generation</Filter>
    </ClInclude>
    <ClInclude Include="functions.h">
      <Filter>Header Files\Machine Code Generation</Filter>
    </ClInclude>
  </ItemGroup>
  <ItemGroup>
    <ClCompile Include="program_loader.cpp">
      <Filter>Source Files</Filter>
    </ClCompile>
    <ClCompile Include="dll_mediator_init.cpp">
      <Filter>Source Files\Maintenance</Filter>
    </ClCompile>
    <ClCompile Include="dllmain.cpp">
      <Filter>Source Files\Maintenance</Filter>
    </ClCompile>
    <ClCompile Include="pch.cpp">
      <Filter>Source Files\Maintenance</Filter>
    </ClCompile>
    <ClCompile Include="functions.cpp">
      <Filter>Source Files\Reading Bytecode File And Machine Code Generation</Filter>
    </ClCompile>
    <ClCompile Include="instruction_arguments_visitor_function_implementation.cpp">
      <Filter>Source Files\Reading Bytecode File And Machine Code Generation</Filter>
    </ClCompile>
    <ClCompile Include="runs_container_readers.cpp">
      <Filter>Source Files\Reading Bytecode File And Machine Code Generation</Filter>
    </ClCompile>
  </ItemGroup>
</Project>