<?xml version="1.0" encoding="utf-8"?>
<Project ToolsVersion="4.0" xmlns="http://schemas.microsoft.com/developer/msbuild/2003">
  <ItemGroup>
    <Filter Include="Source Files">
      <UniqueIdentifier>{4FC737F1-C7A5-4376-A066-2A32D752A2FF}</UniqueIdentifier>
      <Extensions>cpp;c;cc;cxx;c++;cppm;ixx;def;odl;idl;hpj;bat;asm;asmx</Extensions>
    </Filter>
    <Filter Include="Header Files">
      <UniqueIdentifier>{93995380-89BD-4b04-88EB-625FBE52EBFB}</UniqueIdentifier>
      <Extensions>h;hh;hpp;hxx;h++;hm;inl;inc;ipp;xsd</Extensions>
    </Filter>
    <Filter Include="Source Files\Maintenance">
      <UniqueIdentifier>{0be71acf-f167-4869-bef0-82bdfaf0169e}</UniqueIdentifier>
    </Filter>
    <Filter Include="Header Files\PCH">
      <UniqueIdentifier>{15bc15c1-4d05-4a9a-84aa-f947e88430f0}</UniqueIdentifier>
    </Filter>
    <Filter Include="Header Files\Thread Management">
      <UniqueIdentifier>{f2316853-74eb-42ed-8b43-62fc2c7e8c73}</UniqueIdentifier>
    </Filter>
    <Filter Include="Header Files\Thread Management\Scheduling">
      <UniqueIdentifier>{51888b01-abd7-4207-99dd-12ee1fb5a0ff}</UniqueIdentifier>
    </Filter>
    <Filter Include="Header Files\Executors Management">
      <UniqueIdentifier>{c03f3ed6-8fdb-4e23-9c9a-9ef111dc4cb6}</UniqueIdentifier>
    </Filter>
  </ItemGroup>
  <ItemGroup>
    <ClInclude Include="execution_module.h">
      <Filter>Header Files</Filter>
    </ClInclude>
    <ClInclude Include="pch.h">
      <Filter>Header Files\PCH</Filter>
    </ClInclude>
    <ClInclude Include="framework.h">
      <Filter>Header Files\PCH</Filter>
    </ClInclude>
    <ClInclude Include="clock_list.h">
      <Filter>Header Files\Thread Management\Scheduling</Filter>
    </ClInclude>
    <ClInclude Include="priority_list.h">
      <Filter>Header Files\Thread Management\Scheduling</Filter>
    </ClInclude>
    <ClInclude Include="scheduler.h">
      <Filter>Header Files\Thread Management\Scheduling</Filter>
    </ClInclude>
    <ClInclude Include="program_state_manager.h">
      <Filter>Header Files\Thread Management</Filter>
    </ClInclude>
    <ClInclude Include="thread_manager.h">
      <Filter>Header Files\Thread Management</Filter>
    </ClInclude>
    <ClInclude Include="functions.h">
      <Filter>Header Files\Executors Management</Filter>
    </ClInclude>
    <ClInclude Include="thread_local_structure.h">
      <Filter>Header Files\Executors Management</Filter>
    </ClInclude>
  </ItemGroup>
  <ItemGroup>
    <ClCompile Include="execution_module.cpp">
      <Filter>Source Files</Filter>
    </ClCompile>
    <ClCompile Include="dllmain.cpp">
      <Filter>Source Files\Maintenance</Filter>
    </ClCompile>
    <ClCompile Include="pch.cpp">
      <Filter>Source Files\Maintenance</Filter>
    </ClCompile>
  </ItemGroup>
  <ItemGroup>
    <MASM Include="asm_functions.asm">
      <Filter>Source Files</Filter>
    </MASM>
  </ItemGroup>
</Project>